
Microsoft Visual Studio Solution File, Format Version 12.00
# Visual Studio Version 17
VisualStudioVersion = 17.13.35931.197
MinimumVisualStudioVersion = 10.0.40219.1
Project("{FAE04EC0-301F-11D3-BF4B-00C04F79EFBC}") = "FiapCloudGames.API", "src\FiapCloudGames.API\FiapCloudGames.API.csproj", "{73AA1E47-0CB7-4FA1-7D42-4630D287E3F2}"
EndProject
Project("{FAE04EC0-301F-11D3-BF4B-00C04F79EFBC}") = "FiapCloudGames.Application", "src\FiapCloudGames.Application\FiapCloudGames.Application.csproj", "{9F0FD116-92EC-76D9-2DA5-0FA7AD55A61F}"
EndProject
Project("{FAE04EC0-301F-11D3-BF4B-00C04F79EFBC}") = "FiapCloudGames.Core", "src\FiapCloudGames.Core\FiapCloudGames.Core.csproj", "{2E2DCCBE-BC65-2B96-0C8B-983D6AA135FC}"
EndProject
Project("{FAE04EC0-301F-11D3-BF4B-00C04F79EFBC}") = "FiapCloudGames.Infra", "src\FiapCloudGames.Infra\FiapCloudGames.Infra.csproj", "{64459427-5C77-B3AA-6857-964B3717A3D8}"
EndProject
Project("{E53339B2-1760-4266-BCC7-CA923CBCF16C}") = "docker-compose", "docker-compose.dcproj", "{81DDED9D-158B-E303-5F62-77A2896D2A5A}"
EndProject
Global
	GlobalSection(SolutionConfigurationPlatforms) = preSolution
		Debug|Any CPU = Debug|Any CPU
		Release|Any CPU = Release|Any CPU
	EndGlobalSection
	GlobalSection(ProjectConfigurationPlatforms) = postSolution
		{73AA1E47-0CB7-4FA1-7D42-4630D287E3F2}.Debug|Any CPU.ActiveCfg = Debug|Any CPU
		{73AA1E47-0CB7-4FA1-7D42-4630D287E3F2}.Debug|Any CPU.Build.0 = Debug|Any CPU
		{73AA1E47-0CB7-4FA1-7D42-4630D287E3F2}.Release|Any CPU.ActiveCfg = Release|Any CPU
		{73AA1E47-0CB7-4FA1-7D42-4630D287E3F2}.Release|Any CPU.Build.0 = Release|Any CPU
		{9F0FD116-92EC-76D9-2DA5-0FA7AD55A61F}.Debug|Any CPU.ActiveCfg = Debug|Any CPU
		{9F0FD116-92EC-76D9-2DA5-0FA7AD55A61F}.Debug|Any CPU.Build.0 = Debug|Any CPU
		{9F0FD116-92EC-76D9-2DA5-0FA7AD55A61F}.Release|Any CPU.ActiveCfg = Release|Any CPU
		{9F0FD116-92EC-76D9-2DA5-0FA7AD55A61F}.Release|Any CPU.Build.0 = Release|Any CPU
		{2E2DCCBE-BC65-2B96-0C8B-983D6AA135FC}.Debug|Any CPU.ActiveCfg = Debug|Any CPU
		{2E2DCCBE-BC65-2B96-0C8B-983D6AA135FC}.Debug|Any CPU.Build.0 = Debug|Any CPU
		{2E2DCCBE-BC65-2B96-0C8B-983D6AA135FC}.Release|Any CPU.ActiveCfg = Release|Any CPU
		{2E2DCCBE-BC65-2B96-0C8B-983D6AA135FC}.Release|Any CPU.Build.0 = Release|Any CPU
		{64459427-5C77-B3AA-6857-964B3717A3D8}.Debug|Any CPU.ActiveCfg = Debug|Any CPU
		{64459427-5C77-B3AA-6857-964B3717A3D8}.Debug|Any CPU.Build.0 = Debug|Any CPU
		{64459427-5C77-B3AA-6857-964B3717A3D8}.Release|Any CPU.ActiveCfg = Release|Any CPU
		{64459427-5C77-B3AA-6857-964B3717A3D8}.Release|Any CPU.Build.0 = Release|Any CPU
		{81DDED9D-158B-E303-5F62-77A2896D2A5A}.Debug|Any CPU.ActiveCfg = Debug|Any CPU
		{81DDED9D-158B-E303-5F62-77A2896D2A5A}.Debug|Any CPU.Build.0 = Debug|Any CPU
		{81DDED9D-158B-E303-5F62-77A2896D2A5A}.Release|Any CPU.ActiveCfg = Release|Any CPU
		{81DDED9D-158B-E303-5F62-77A2896D2A5A}.Release|Any CPU.Build.0 = Release|Any CPU
	EndGlobalSection
	GlobalSection(SolutionProperties) = preSolution
		HideSolutionNode = FALSE
	EndGlobalSection
	GlobalSection(ExtensibilityGlobals) = postSolution
		SolutionGuid = {9438B1C4-F89A-4ED5-B130-0AA4865E5DDA}
	EndGlobalSection
EndGlobal
